{
  "version": 4,
  "terraform_version": "0.14.8",
  "serial": 355,
  "lineage": "320769a3-ec3f-79db-d672-08096869d60e",
  "outputs": {
    "lb_fqdn": {
      "value": "pmu-udacity-test.westeurope.cloudapp.azure.com",
      "type": "string"
    },
    "lb_ip_address": {
      "value": "52.178.37.15",
      "type": "string"
    }
  },
  "resources": [
    {
      "mode": "managed",
      "type": "azurerm_availability_set",
      "name": "udacity",
      "provider": "provider[\"registry.terraform.io/hashicorp/azurerm\"]",
      "instances": [
        {
          "schema_version": 0,
          "attributes": {
            "id": "/subscriptions/0c34b9c6-2ea6-4fdf-9469-2300dc7a349b/resourceGroups/pmu-rg/providers/Microsoft.Compute/availabilitySets/pmu-availability-set",
            "location": "westeurope",
            "managed": true,
            "name": "pmu-availability-set",
            "platform_fault_domain_count": 3,
            "platform_update_domain_count": 5,
            "proximity_placement_group_id": null,
            "resource_group_name": "pmu-rg",
            "tags": {
              "project": "udacity-exam-1"
            },
            "timeouts": null
          },
          "sensitive_attributes": [],
          "private": "eyJlMmJmYjczMC1lY2FhLTExZTYtOGY4OC0zNDM2M2JjN2M0YzAiOnsiY3JlYXRlIjoxODAwMDAwMDAwMDAwLCJkZWxldGUiOjE4MDAwMDAwMDAwMDAsInJlYWQiOjMwMDAwMDAwMDAwMCwidXBkYXRlIjoxODAwMDAwMDAwMDAwfX0=",
          "dependencies": [
            "azurerm_resource_group.udacity"
          ]
        }
      ]
    },
    {
      "mode": "managed",
      "type": "azurerm_lb",
      "name": "udacity",
      "provider": "provider[\"registry.terraform.io/hashicorp/azurerm\"]",
      "instances": [
        {
          "schema_version": 0,
          "attributes": {
            "frontend_ip_configuration": [
              {
                "id": "/subscriptions/0c34b9c6-2ea6-4fdf-9469-2300dc7a349b/resourceGroups/pmu-rg/providers/Microsoft.Network/loadBalancers/pmu-lb/frontendIPConfigurations/PublicIPAddress",
                "inbound_nat_rules": [],
                "load_balancer_rules": [
                  "/subscriptions/0c34b9c6-2ea6-4fdf-9469-2300dc7a349b/resourceGroups/pmu-rg/providers/Microsoft.Network/loadBalancers/pmu-lb/loadBalancingRules/pmu-lb-rule"
                ],
                "name": "PublicIPAddress",
                "outbound_rules": [],
                "private_ip_address": "",
                "private_ip_address_allocation": "Dynamic",
                "private_ip_address_version": "IPv4",
                "public_ip_address_id": "/subscriptions/0c34b9c6-2ea6-4fdf-9469-2300dc7a349b/resourceGroups/pmu-rg/providers/Microsoft.Network/publicIPAddresses/pmu-public-ip",
                "public_ip_prefix_id": "",
                "subnet_id": "",
                "zones": []
              }
            ],
            "id": "/subscriptions/0c34b9c6-2ea6-4fdf-9469-2300dc7a349b/resourceGroups/pmu-rg/providers/Microsoft.Network/loadBalancers/pmu-lb",
            "location": "westeurope",
            "name": "pmu-lb",
            "private_ip_address": "",
            "private_ip_addresses": [],
            "resource_group_name": "pmu-rg",
            "sku": "Basic",
            "tags": {
              "project": "udacity-exam-1"
            },
            "timeouts": null
          },
          "sensitive_attributes": [],
          "private": "eyJlMmJmYjczMC1lY2FhLTExZTYtOGY4OC0zNDM2M2JjN2M0YzAiOnsiY3JlYXRlIjoxODAwMDAwMDAwMDAwLCJkZWxldGUiOjE4MDAwMDAwMDAwMDAsInJlYWQiOjMwMDAwMDAwMDAwMCwidXBkYXRlIjoxODAwMDAwMDAwMDAwfX0=",
          "dependencies": [
            "azurerm_public_ip.udacity",
            "azurerm_resource_group.udacity"
          ]
        }
      ]
    },
    {
      "mode": "managed",
      "type": "azurerm_lb_backend_address_pool",
      "name": "udacity",
      "provider": "provider[\"registry.terraform.io/hashicorp/azurerm\"]",
      "instances": [
        {
          "schema_version": 0,
          "attributes": {
            "backend_address": [],
            "backend_ip_configurations": [
              "/subscriptions/0c34b9c6-2ea6-4fdf-9469-2300dc7a349b/resourceGroups/pmu-rg/providers/Microsoft.Network/networkInterfaces/udacity-vm-nic-1/ipConfigurations/internal_config",
              "/subscriptions/0c34b9c6-2ea6-4fdf-9469-2300dc7a349b/resourceGroups/pmu-rg/providers/Microsoft.Network/networkInterfaces/udacity-vm-nic-0/ipConfigurations/internal_config"
            ],
            "id": "/subscriptions/0c34b9c6-2ea6-4fdf-9469-2300dc7a349b/resourceGroups/pmu-rg/providers/Microsoft.Network/loadBalancers/pmu-lb/backendAddressPools/BackEndAddressPool",
            "load_balancing_rules": [
              "/subscriptions/0c34b9c6-2ea6-4fdf-9469-2300dc7a349b/resourceGroups/pmu-rg/providers/Microsoft.Network/loadBalancers/pmu-lb/loadBalancingRules/pmu-lb-rule"
            ],
            "loadbalancer_id": "/subscriptions/0c34b9c6-2ea6-4fdf-9469-2300dc7a349b/resourceGroups/pmu-rg/providers/Microsoft.Network/loadBalancers/pmu-lb",
            "name": "BackEndAddressPool",
            "outbound_rules": [],
            "resource_group_name": "pmu-rg",
            "timeouts": null
          },
          "sensitive_attributes": [],
          "private": "eyJlMmJmYjczMC1lY2FhLTExZTYtOGY4OC0zNDM2M2JjN2M0YzAiOnsiY3JlYXRlIjoxODAwMDAwMDAwMDAwLCJkZWxldGUiOjE4MDAwMDAwMDAwMDAsInJlYWQiOjMwMDAwMDAwMDAwMCwidXBkYXRlIjoxODAwMDAwMDAwMDAwfX0=",
          "dependencies": [
            "azurerm_lb.udacity",
            "azurerm_public_ip.udacity",
            "azurerm_resource_group.udacity"
          ]
        }
      ]
    },
    {
      "mode": "managed",
      "type": "azurerm_lb_probe",
      "name": "udacity",
      "provider": "provider[\"registry.terraform.io/hashicorp/azurerm\"]",
      "instances": [
        {
          "schema_version": 0,
          "attributes": {
            "id": "/subscriptions/0c34b9c6-2ea6-4fdf-9469-2300dc7a349b/resourceGroups/pmu-rg/providers/Microsoft.Network/loadBalancers/pmu-lb/probes/pmu-lb-probe",
            "interval_in_seconds": 60,
            "load_balancer_rules": [
              "/subscriptions/0c34b9c6-2ea6-4fdf-9469-2300dc7a349b/resourceGroups/pmu-rg/providers/Microsoft.Network/loadBalancers/pmu-lb/loadBalancingRules/pmu-lb-rule"
            ],
            "loadbalancer_id": "/subscriptions/0c34b9c6-2ea6-4fdf-9469-2300dc7a349b/resourceGroups/pmu-rg/providers/Microsoft.Network/loadBalancers/pmu-lb",
            "name": "pmu-lb-probe",
            "number_of_probes": 2,
            "port": 80,
            "protocol": "Tcp",
            "request_path": "",
            "resource_group_name": "pmu-rg",
            "timeouts": null
          },
          "sensitive_attributes": [],
          "private": "eyJlMmJmYjczMC1lY2FhLTExZTYtOGY4OC0zNDM2M2JjN2M0YzAiOnsiY3JlYXRlIjoxODAwMDAwMDAwMDAwLCJkZWxldGUiOjE4MDAwMDAwMDAwMDAsInJlYWQiOjMwMDAwMDAwMDAwMCwidXBkYXRlIjoxODAwMDAwMDAwMDAwfX0=",
          "dependencies": [
            "azurerm_lb.udacity",
            "azurerm_public_ip.udacity",
            "azurerm_resource_group.udacity"
          ]
        }
      ]
    },
    {
      "mode": "managed",
      "type": "azurerm_lb_rule",
      "name": "udacity",
      "provider": "provider[\"registry.terraform.io/hashicorp/azurerm\"]",
      "instances": [
        {
          "schema_version": 0,
          "attributes": {
            "backend_address_pool_id": "/subscriptions/0c34b9c6-2ea6-4fdf-9469-2300dc7a349b/resourceGroups/pmu-rg/providers/Microsoft.Network/loadBalancers/pmu-lb/backendAddressPools/BackEndAddressPool",
            "backend_port": 81,
            "disable_outbound_snat": false,
            "enable_floating_ip": false,
            "enable_tcp_reset": false,
            "frontend_ip_configuration_id": "/subscriptions/0c34b9c6-2ea6-4fdf-9469-2300dc7a349b/resourceGroups/pmu-rg/providers/Microsoft.Network/loadBalancers/pmu-lb/frontendIPConfigurations/PublicIPAddress",
            "frontend_ip_configuration_name": "PublicIPAddress",
            "frontend_port": 80,
            "id": "/subscriptions/0c34b9c6-2ea6-4fdf-9469-2300dc7a349b/resourceGroups/pmu-rg/providers/Microsoft.Network/loadBalancers/pmu-lb/loadBalancingRules/pmu-lb-rule",
            "idle_timeout_in_minutes": 15,
            "load_distribution": "Default",
            "loadbalancer_id": "/subscriptions/0c34b9c6-2ea6-4fdf-9469-2300dc7a349b/resourceGroups/pmu-rg/providers/Microsoft.Network/loadBalancers/pmu-lb",
            "name": "pmu-lb-rule",
            "probe_id": "/subscriptions/0c34b9c6-2ea6-4fdf-9469-2300dc7a349b/resourceGroups/pmu-rg/providers/Microsoft.Network/loadBalancers/pmu-lb/probes/pmu-lb-probe",
            "protocol": "Tcp",
            "resource_group_name": "pmu-rg",
            "timeouts": null
          },
          "sensitive_attributes": [],
          "private": "eyJlMmJmYjczMC1lY2FhLTExZTYtOGY4OC0zNDM2M2JjN2M0YzAiOnsiY3JlYXRlIjoxODAwMDAwMDAwMDAwLCJkZWxldGUiOjE4MDAwMDAwMDAwMDAsInJlYWQiOjMwMDAwMDAwMDAwMCwidXBkYXRlIjoxODAwMDAwMDAwMDAwfX0=",
          "dependencies": [
            "azurerm_lb.udacity",
            "azurerm_lb_backend_address_pool.udacity",
            "azurerm_lb_probe.udacity",
            "azurerm_public_ip.udacity",
            "azurerm_resource_group.udacity"
          ]
        }
      ]
    },
    {
      "mode": "managed",
      "type": "azurerm_linux_virtual_machine",
      "name": "udacity",
      "provider": "provider[\"registry.terraform.io/hashicorp/azurerm\"]",
      "instances": [
        {
          "index_key": 0,
          "schema_version": 0,
          "attributes": {
            "additional_capabilities": [],
            "admin_password": null,
            "admin_ssh_key": [
              {
                "public_key": "ssh-rsa AAAAB3NzaC1yc2EAAAADAQABAAACAQC6NPPGvzw7FjAS+pVr+7ovkOEye+HAQtMajQmtgtXAHF5Vol5xM57WrIqBGMyX7P07JdCo4YyNdoKZSqvkJfmGF+LuxBX3xQ/bADqKF3WJDYhLp7zgWLy8v3S9II541xHFXkYURCuHkyAArSj7yfYqRpu4XpvvyCqx1eg1Re6Pcw3m6JdMuRGpf2ncwlqEL7Jns1TBjThD215k4VH1vWRWgFLmRRUzUkU5ae0vaYbKOLIa62TQ9OEy2aAzTRFIQ9p8cqv8uIoPHf9eVW9AQVNk5ih5Lhaui4mbu/+jzvvI3pjaZ/XhMCfrfgaZtDNOwNfbdaOW5Fpg9bna1Nc8eIXUTzPN8Epvu+hzhux3e+utXDcI+ghU1f8zNZfOUPI5Zn1Iup8tfCNSp/TgcWz5pfwnAy0GKa5ZPz3LPgU1uWkVQHwxWMw06VK+AmzN+7yUKoRY4oaoRfxtILDyxb10E7hxCXWJ0qa+ZHMUtr1Mg7sB+sAb+bjFWZ5HZiIRpEtVa7oqNRQsNyASgqbLS+9GbSjb+qGQ+AKR6f1mCDUGTS5+6plpwcBa8vfWrdmDVHBk9QPpwTBUrWFm+5t9RbV1RrflTxKBW3TyCiqT97ZStYXGasaQCiDyrlhCe3lWJZWma2/FYmN6kv8zF+4chtirpYiBjSX4GFoqZH2L3DitQg+frw== paul@vm-paul\n",
                "username": "azureuser"
              }
            ],
            "admin_username": "azureuser",
            "allow_extension_operations": true,
            "availability_set_id": "/subscriptions/0c34b9c6-2ea6-4fdf-9469-2300dc7a349b/resourceGroups/pmu-rg/providers/Microsoft.Compute/availabilitySets/PMU-AVAILABILITY-SET",
            "boot_diagnostics": [],
            "computer_name": "vm-udacity-0",
            "custom_data": null,
            "dedicated_host_id": "",
            "disable_password_authentication": true,
            "encryption_at_host_enabled": false,
            "eviction_policy": "",
            "extensions_time_budget": "PT1H30M",
            "id": "/subscriptions/0c34b9c6-2ea6-4fdf-9469-2300dc7a349b/resourceGroups/pmu-rg/providers/Microsoft.Compute/virtualMachines/vm-udacity-0",
            "identity": [],
            "license_type": "",
            "location": "westeurope",
            "max_bid_price": -1,
            "name": "vm-udacity-0",
            "network_interface_ids": [
              "/subscriptions/0c34b9c6-2ea6-4fdf-9469-2300dc7a349b/resourceGroups/pmu-rg/providers/Microsoft.Network/networkInterfaces/udacity-vm-nic-0"
            ],
            "os_disk": [
              {
                "caching": "ReadWrite",
                "diff_disk_settings": [],
                "disk_encryption_set_id": "",
                "disk_size_gb": 30,
                "name": "osdisk_0",
                "storage_account_type": "Standard_LRS",
                "write_accelerator_enabled": false
              }
            ],
            "plan": [],
            "platform_fault_domain": -1,
            "priority": "Regular",
            "private_ip_address": "10.0.2.5",
            "private_ip_addresses": [
              "10.0.2.5"
            ],
            "provision_vm_agent": true,
            "proximity_placement_group_id": "",
            "public_ip_address": "",
            "public_ip_addresses": [],
            "resource_group_name": "pmu-rg",
            "secret": [],
            "size": "Standard_B1s",
            "source_image_id": "/subscriptions/0c34b9c6-2ea6-4fdf-9469-2300dc7a349b/resourceGroups/PMU-UDACITY/providers/Microsoft.Compute/images/udacity-first-exam-18",
            "source_image_reference": [],
            "tags": {
              "project": "udacity-exam-1",
              "project-vm": "udacity-exam-1-vm-0"
            },
            "timeouts": null,
            "virtual_machine_id": "4d4ba4b9-d8f2-4b2f-8a60-6fe696285d94",
            "virtual_machine_scale_set_id": "",
            "zone": ""
          },
          "sensitive_attributes": [],
          "private": "eyJlMmJmYjczMC1lY2FhLTExZTYtOGY4OC0zNDM2M2JjN2M0YzAiOnsiY3JlYXRlIjoyNzAwMDAwMDAwMDAwLCJkZWxldGUiOjI3MDAwMDAwMDAwMDAsInJlYWQiOjMwMDAwMDAwMDAwMCwidXBkYXRlIjoyNzAwMDAwMDAwMDAwfX0=",
          "dependencies": [
            "azurerm_availability_set.udacity",
            "azurerm_network_interface.udacity-vm-nic",
            "azurerm_resource_group.udacity",
            "azurerm_subnet.internal-net",
            "azurerm_virtual_network.udacity"
          ]
        },
        {
          "index_key": 1,
          "schema_version": 0,
          "attributes": {
            "additional_capabilities": [],
            "admin_password": null,
            "admin_ssh_key": [
              {
                "public_key": "ssh-rsa AAAAB3NzaC1yc2EAAAADAQABAAACAQC6NPPGvzw7FjAS+pVr+7ovkOEye+HAQtMajQmtgtXAHF5Vol5xM57WrIqBGMyX7P07JdCo4YyNdoKZSqvkJfmGF+LuxBX3xQ/bADqKF3WJDYhLp7zgWLy8v3S9II541xHFXkYURCuHkyAArSj7yfYqRpu4XpvvyCqx1eg1Re6Pcw3m6JdMuRGpf2ncwlqEL7Jns1TBjThD215k4VH1vWRWgFLmRRUzUkU5ae0vaYbKOLIa62TQ9OEy2aAzTRFIQ9p8cqv8uIoPHf9eVW9AQVNk5ih5Lhaui4mbu/+jzvvI3pjaZ/XhMCfrfgaZtDNOwNfbdaOW5Fpg9bna1Nc8eIXUTzPN8Epvu+hzhux3e+utXDcI+ghU1f8zNZfOUPI5Zn1Iup8tfCNSp/TgcWz5pfwnAy0GKa5ZPz3LPgU1uWkVQHwxWMw06VK+AmzN+7yUKoRY4oaoRfxtILDyxb10E7hxCXWJ0qa+ZHMUtr1Mg7sB+sAb+bjFWZ5HZiIRpEtVa7oqNRQsNyASgqbLS+9GbSjb+qGQ+AKR6f1mCDUGTS5+6plpwcBa8vfWrdmDVHBk9QPpwTBUrWFm+5t9RbV1RrflTxKBW3TyCiqT97ZStYXGasaQCiDyrlhCe3lWJZWma2/FYmN6kv8zF+4chtirpYiBjSX4GFoqZH2L3DitQg+frw== paul@vm-paul\n",
                "username": "azureuser"
              }
            ],
            "admin_username": "azureuser",
            "allow_extension_operations": true,
            "availability_set_id": "/subscriptions/0c34b9c6-2ea6-4fdf-9469-2300dc7a349b/resourceGroups/pmu-rg/providers/Microsoft.Compute/availabilitySets/PMU-AVAILABILITY-SET",
            "boot_diagnostics": [],
            "computer_name": "vm-udacity-1",
            "custom_data": null,
            "dedicated_host_id": "",
            "disable_password_authentication": true,
            "encryption_at_host_enabled": false,
            "eviction_policy": "",
            "extensions_time_budget": "PT1H30M",
            "id": "/subscriptions/0c34b9c6-2ea6-4fdf-9469-2300dc7a349b/resourceGroups/pmu-rg/providers/Microsoft.Compute/virtualMachines/vm-udacity-1",
            "identity": [],
            "license_type": "",
            "location": "westeurope",
            "max_bid_price": -1,
            "name": "vm-udacity-1",
            "network_interface_ids": [
              "/subscriptions/0c34b9c6-2ea6-4fdf-9469-2300dc7a349b/resourceGroups/pmu-rg/providers/Microsoft.Network/networkInterfaces/udacity-vm-nic-1"
            ],
            "os_disk": [
              {
                "caching": "ReadWrite",
                "diff_disk_settings": [],
                "disk_encryption_set_id": "",
                "disk_size_gb": 30,
                "name": "osdisk_1",
                "storage_account_type": "Standard_LRS",
                "write_accelerator_enabled": false
              }
            ],
            "plan": [],
            "platform_fault_domain": -1,
            "priority": "Regular",
            "private_ip_address": "10.0.2.4",
            "private_ip_addresses": [
              "10.0.2.4"
            ],
            "provision_vm_agent": true,
            "proximity_placement_group_id": "",
            "public_ip_address": "",
            "public_ip_addresses": [],
            "resource_group_name": "pmu-rg",
            "secret": [],
            "size": "Standard_B1s",
            "source_image_id": "/subscriptions/0c34b9c6-2ea6-4fdf-9469-2300dc7a349b/resourceGroups/PMU-UDACITY/providers/Microsoft.Compute/images/udacity-first-exam-18",
            "source_image_reference": [],
            "tags": {
              "project": "udacity-exam-1",
              "project-vm": "udacity-exam-1-vm-1"
            },
            "timeouts": null,
            "virtual_machine_id": "8d49fa52-badf-4770-8c9c-ba6cb8f32dd3",
            "virtual_machine_scale_set_id": "",
            "zone": ""
          },
          "sensitive_attributes": [],
          "private": "eyJlMmJmYjczMC1lY2FhLTExZTYtOGY4OC0zNDM2M2JjN2M0YzAiOnsiY3JlYXRlIjoyNzAwMDAwMDAwMDAwLCJkZWxldGUiOjI3MDAwMDAwMDAwMDAsInJlYWQiOjMwMDAwMDAwMDAwMCwidXBkYXRlIjoyNzAwMDAwMDAwMDAwfX0=",
          "dependencies": [
            "azurerm_availability_set.udacity",
            "azurerm_network_interface.udacity-vm-nic",
            "azurerm_resource_group.udacity",
            "azurerm_subnet.internal-net",
            "azurerm_virtual_network.udacity"
          ]
        }
      ]
    },
    {
      "mode": "managed",
      "type": "azurerm_managed_disk",
      "name": "udacity-data",
      "provider": "provider[\"registry.terraform.io/hashicorp/azurerm\"]",
      "instances": [
        {
          "index_key": 0,
          "schema_version": 0,
          "attributes": {
            "create_option": "Empty",
            "disk_encryption_set_id": "",
            "disk_iops_read_write": 500,
            "disk_mbps_read_write": 60,
            "disk_size_gb": 2,
            "encryption_settings": [],
            "id": "/subscriptions/0c34b9c6-2ea6-4fdf-9469-2300dc7a349b/resourceGroups/pmu-rg/providers/Microsoft.Compute/disks/datadisk_0",
            "image_reference_id": "",
            "location": "westeurope",
            "name": "datadisk_0",
            "os_type": "",
            "resource_group_name": "pmu-rg",
            "source_resource_id": "",
            "source_uri": "",
            "storage_account_id": "",
            "storage_account_type": "Standard_LRS",
            "tags": {
              "project": "udacity-exam-1"
            },
            "timeouts": null,
            "zones": []
          },
          "sensitive_attributes": [],
          "private": "eyJlMmJmYjczMC1lY2FhLTExZTYtOGY4OC0zNDM2M2JjN2M0YzAiOnsiY3JlYXRlIjoxODAwMDAwMDAwMDAwLCJkZWxldGUiOjE4MDAwMDAwMDAwMDAsInJlYWQiOjMwMDAwMDAwMDAwMCwidXBkYXRlIjoxODAwMDAwMDAwMDAwfX0=",
          "dependencies": [
            "azurerm_resource_group.udacity"
          ]
        },
        {
          "index_key": 1,
          "schema_version": 0,
          "attributes": {
            "create_option": "Empty",
            "disk_encryption_set_id": "",
            "disk_iops_read_write": 500,
            "disk_mbps_read_write": 60,
            "disk_size_gb": 2,
            "encryption_settings": [],
            "id": "/subscriptions/0c34b9c6-2ea6-4fdf-9469-2300dc7a349b/resourceGroups/pmu-rg/providers/Microsoft.Compute/disks/datadisk_1",
            "image_reference_id": "",
            "location": "westeurope",
            "name": "datadisk_1",
            "os_type": "",
            "resource_group_name": "pmu-rg",
            "source_resource_id": "",
            "source_uri": "",
            "storage_account_id": "",
            "storage_account_type": "Standard_LRS",
            "tags": {
              "project": "udacity-exam-1"
            },
            "timeouts": null,
            "zones": []
          },
          "sensitive_attributes": [],
          "private": "eyJlMmJmYjczMC1lY2FhLTExZTYtOGY4OC0zNDM2M2JjN2M0YzAiOnsiY3JlYXRlIjoxODAwMDAwMDAwMDAwLCJkZWxldGUiOjE4MDAwMDAwMDAwMDAsInJlYWQiOjMwMDAwMDAwMDAwMCwidXBkYXRlIjoxODAwMDAwMDAwMDAwfX0=",
          "dependencies": [
            "azurerm_resource_group.udacity"
          ]
        }
      ]
    },
    {
      "mode": "managed",
      "type": "azurerm_network_interface",
      "name": "udacity-vm-nic",
      "provider": "provider[\"registry.terraform.io/hashicorp/azurerm\"]",
      "instances": [
        {
          "index_key": 0,
          "schema_version": 0,
          "attributes": {
            "applied_dns_servers": [],
            "dns_servers": [],
            "enable_accelerated_networking": false,
            "enable_ip_forwarding": false,
            "id": "/subscriptions/0c34b9c6-2ea6-4fdf-9469-2300dc7a349b/resourceGroups/pmu-rg/providers/Microsoft.Network/networkInterfaces/udacity-vm-nic-0",
            "internal_dns_name_label": "",
            "internal_domain_name_suffix": "0rlbu40soiiedgu4gynjucxvmh.ax.internal.cloudapp.net",
            "ip_configuration": [
              {
                "name": "internal_config",
                "primary": true,
                "private_ip_address": "10.0.2.5",
                "private_ip_address_allocation": "Dynamic",
                "private_ip_address_version": "IPv4",
                "public_ip_address_id": "",
                "subnet_id": "/subscriptions/0c34b9c6-2ea6-4fdf-9469-2300dc7a349b/resourceGroups/pmu-rg/providers/Microsoft.Network/virtualNetworks/pmu-vnet/subnets/internal"
              }
            ],
            "location": "westeurope",
            "mac_address": "00-0D-3A-2B-81-6B",
            "name": "udacity-vm-nic-0",
            "private_ip_address": "10.0.2.5",
            "private_ip_addresses": [
              "10.0.2.5"
            ],
            "resource_group_name": "pmu-rg",
            "tags": {
              "project": "udacity-exam-1"
            },
            "timeouts": null,
            "virtual_machine_id": "/subscriptions/0c34b9c6-2ea6-4fdf-9469-2300dc7a349b/resourceGroups/pmu-rg/providers/Microsoft.Compute/virtualMachines/vm-udacity-0"
          },
          "sensitive_attributes": [],
          "private": "eyJlMmJmYjczMC1lY2FhLTExZTYtOGY4OC0zNDM2M2JjN2M0YzAiOnsiY3JlYXRlIjoxODAwMDAwMDAwMDAwLCJkZWxldGUiOjE4MDAwMDAwMDAwMDAsInJlYWQiOjMwMDAwMDAwMDAwMCwidXBkYXRlIjoxODAwMDAwMDAwMDAwfX0=",
          "dependencies": [
            "azurerm_resource_group.udacity",
            "azurerm_subnet.internal-net",
            "azurerm_virtual_network.udacity"
          ]
        },
        {
          "index_key": 1,
          "schema_version": 0,
          "attributes": {
            "applied_dns_servers": [],
            "dns_servers": [],
            "enable_accelerated_networking": false,
            "enable_ip_forwarding": false,
            "id": "/subscriptions/0c34b9c6-2ea6-4fdf-9469-2300dc7a349b/resourceGroups/pmu-rg/providers/Microsoft.Network/networkInterfaces/udacity-vm-nic-1",
            "internal_dns_name_label": "",
            "internal_domain_name_suffix": "0rlbu40soiiedgu4gynjucxvmh.ax.internal.cloudapp.net",
            "ip_configuration": [
              {
                "name": "internal_config",
                "primary": true,
                "private_ip_address": "10.0.2.4",
                "private_ip_address_allocation": "Dynamic",
                "private_ip_address_version": "IPv4",
                "public_ip_address_id": "",
                "subnet_id": "/subscriptions/0c34b9c6-2ea6-4fdf-9469-2300dc7a349b/resourceGroups/pmu-rg/providers/Microsoft.Network/virtualNetworks/pmu-vnet/subnets/internal"
              }
            ],
            "location": "westeurope",
            "mac_address": "00-0D-3A-2B-88-69",
            "name": "udacity-vm-nic-1",
            "private_ip_address": "10.0.2.4",
            "private_ip_addresses": [
              "10.0.2.4"
            ],
            "resource_group_name": "pmu-rg",
            "tags": {
              "project": "udacity-exam-1"
            },
            "timeouts": null,
            "virtual_machine_id": "/subscriptions/0c34b9c6-2ea6-4fdf-9469-2300dc7a349b/resourceGroups/pmu-rg/providers/Microsoft.Compute/virtualMachines/vm-udacity-1"
          },
          "sensitive_attributes": [],
          "private": "eyJlMmJmYjczMC1lY2FhLTExZTYtOGY4OC0zNDM2M2JjN2M0YzAiOnsiY3JlYXRlIjoxODAwMDAwMDAwMDAwLCJkZWxldGUiOjE4MDAwMDAwMDAwMDAsInJlYWQiOjMwMDAwMDAwMDAwMCwidXBkYXRlIjoxODAwMDAwMDAwMDAwfX0=",
          "dependencies": [
            "azurerm_resource_group.udacity",
            "azurerm_subnet.internal-net",
            "azurerm_virtual_network.udacity"
          ]
        }
      ]
    },
    {
      "mode": "managed",
      "type": "azurerm_network_interface_backend_address_pool_association",
      "name": "udacity",
      "provider": "provider[\"registry.terraform.io/hashicorp/azurerm\"]",
      "instances": [
        {
          "index_key": 0,
          "schema_version": 0,
          "attributes": {
            "backend_address_pool_id": "/subscriptions/0c34b9c6-2ea6-4fdf-9469-2300dc7a349b/resourceGroups/pmu-rg/providers/Microsoft.Network/loadBalancers/pmu-lb/backendAddressPools/BackEndAddressPool",
            "id": "/subscriptions/0c34b9c6-2ea6-4fdf-9469-2300dc7a349b/resourceGroups/pmu-rg/providers/Microsoft.Network/networkInterfaces/udacity-vm-nic-0/ipConfigurations/internal_config|/subscriptions/0c34b9c6-2ea6-4fdf-9469-2300dc7a349b/resourceGroups/pmu-rg/providers/Microsoft.Network/loadBalancers/pmu-lb/backendAddressPools/BackEndAddressPool",
            "ip_configuration_name": "internal_config",
            "network_interface_id": "/subscriptions/0c34b9c6-2ea6-4fdf-9469-2300dc7a349b/resourceGroups/pmu-rg/providers/Microsoft.Network/networkInterfaces/udacity-vm-nic-0",
            "timeouts": null
          },
          "sensitive_attributes": [],
          "private": "eyJlMmJmYjczMC1lY2FhLTExZTYtOGY4OC0zNDM2M2JjN2M0YzAiOnsiY3JlYXRlIjoxODAwMDAwMDAwMDAwLCJkZWxldGUiOjE4MDAwMDAwMDAwMDAsInJlYWQiOjMwMDAwMDAwMDAwMCwidXBkYXRlIjoxODAwMDAwMDAwMDAwfX0=",
          "dependencies": [
            "azurerm_lb.udacity",
            "azurerm_lb_backend_address_pool.udacity",
            "azurerm_network_interface.udacity-vm-nic",
            "azurerm_public_ip.udacity",
            "azurerm_resource_group.udacity",
            "azurerm_subnet.internal-net",
            "azurerm_virtual_network.udacity"
          ]
        },
        {
          "index_key": 1,
          "schema_version": 0,
          "attributes": {
            "backend_address_pool_id": "/subscriptions/0c34b9c6-2ea6-4fdf-9469-2300dc7a349b/resourceGroups/pmu-rg/providers/Microsoft.Network/loadBalancers/pmu-lb/backendAddressPools/BackEndAddressPool",
            "id": "/subscriptions/0c34b9c6-2ea6-4fdf-9469-2300dc7a349b/resourceGroups/pmu-rg/providers/Microsoft.Network/networkInterfaces/udacity-vm-nic-1/ipConfigurations/internal_config|/subscriptions/0c34b9c6-2ea6-4fdf-9469-2300dc7a349b/resourceGroups/pmu-rg/providers/Microsoft.Network/loadBalancers/pmu-lb/backendAddressPools/BackEndAddressPool",
            "ip_configuration_name": "internal_config",
            "network_interface_id": "/subscriptions/0c34b9c6-2ea6-4fdf-9469-2300dc7a349b/resourceGroups/pmu-rg/providers/Microsoft.Network/networkInterfaces/udacity-vm-nic-1",
            "timeouts": null
          },
          "sensitive_attributes": [],
          "private": "eyJlMmJmYjczMC1lY2FhLTExZTYtOGY4OC0zNDM2M2JjN2M0YzAiOnsiY3JlYXRlIjoxODAwMDAwMDAwMDAwLCJkZWxldGUiOjE4MDAwMDAwMDAwMDAsInJlYWQiOjMwMDAwMDAwMDAwMCwidXBkYXRlIjoxODAwMDAwMDAwMDAwfX0=",
          "dependencies": [
            "azurerm_lb.udacity",
            "azurerm_lb_backend_address_pool.udacity",
            "azurerm_network_interface.udacity-vm-nic",
            "azurerm_public_ip.udacity",
            "azurerm_resource_group.udacity",
            "azurerm_subnet.internal-net",
            "azurerm_virtual_network.udacity"
          ]
        }
      ]
    },
    {
      "mode": "managed",
      "type": "azurerm_network_security_group",
      "name": "udacity",
      "provider": "provider[\"registry.terraform.io/hashicorp/azurerm\"]",
      "instances": [
        {
          "schema_version": 0,
          "attributes": {
            "id": "/subscriptions/0c34b9c6-2ea6-4fdf-9469-2300dc7a349b/resourceGroups/pmu-rg/providers/Microsoft.Network/networkSecurityGroups/pmu-network-config",
            "location": "westeurope",
            "name": "pmu-network-config",
            "resource_group_name": "pmu-rg",
            "security_rule": [],
            "tags": {
              "project": "udacity-exam-1"
            },
            "timeouts": null
          },
          "sensitive_attributes": [],
          "private": "eyJlMmJmYjczMC1lY2FhLTExZTYtOGY4OC0zNDM2M2JjN2M0YzAiOnsiY3JlYXRlIjoxODAwMDAwMDAwMDAwLCJkZWxldGUiOjE4MDAwMDAwMDAwMDAsInJlYWQiOjMwMDAwMDAwMDAwMCwidXBkYXRlIjoxODAwMDAwMDAwMDAwfX0=",
          "dependencies": [
            "azurerm_resource_group.udacity"
          ]
        }
      ]
    },
    {
      "mode": "managed",
      "type": "azurerm_network_security_rule",
      "name": "nsr-in-http",
      "provider": "provider[\"registry.terraform.io/hashicorp/azurerm\"]",
      "instances": [
        {
          "schema_version": 0,
          "attributes": {
            "access": "Allow",
            "description": "",
            "destination_address_prefix": "10.0.2.0/24",
            "destination_address_prefixes": null,
            "destination_application_security_group_ids": null,
            "destination_port_range": "81",
            "destination_port_ranges": null,
            "direction": "Inbound",
            "id": "/subscriptions/0c34b9c6-2ea6-4fdf-9469-2300dc7a349b/resourceGroups/pmu-rg/providers/Microsoft.Network/networkSecurityGroups/pmu-network-config/securityRules/InboundHttp",
            "name": "InboundHttp",
            "network_security_group_name": "pmu-network-config",
            "priority": 500,
            "protocol": "Tcp",
            "resource_group_name": "pmu-rg",
            "source_address_prefix": "*",
            "source_address_prefixes": null,
            "source_application_security_group_ids": null,
            "source_port_range": "*",
            "source_port_ranges": null,
            "timeouts": null
          },
          "sensitive_attributes": [],
          "private": "eyJlMmJmYjczMC1lY2FhLTExZTYtOGY4OC0zNDM2M2JjN2M0YzAiOnsiY3JlYXRlIjoxODAwMDAwMDAwMDAwLCJkZWxldGUiOjE4MDAwMDAwMDAwMDAsInJlYWQiOjMwMDAwMDAwMDAwMCwidXBkYXRlIjoxODAwMDAwMDAwMDAwfX0=",
          "dependencies": [
            "azurerm_network_security_group.udacity",
            "azurerm_resource_group.udacity"
          ]
        }
      ]
    },
    {
      "mode": "managed",
      "type": "azurerm_network_security_rule",
      "name": "nsr-in-internal",
      "provider": "provider[\"registry.terraform.io/hashicorp/azurerm\"]",
      "instances": [
        {
          "schema_version": 0,
          "attributes": {
            "access": "Allow",
            "description": "",
            "destination_address_prefix": "10.0.2.0/24",
            "destination_address_prefixes": null,
            "destination_application_security_group_ids": null,
            "destination_port_range": "*",
            "destination_port_ranges": null,
            "direction": "Inbound",
            "id": "/subscriptions/0c34b9c6-2ea6-4fdf-9469-2300dc7a349b/resourceGroups/pmu-rg/providers/Microsoft.Network/networkSecurityGroups/pmu-network-config/securityRules/InboundInternal",
            "name": "InboundInternal",
            "network_security_group_name": "pmu-network-config",
            "priority": 510,
            "protocol": "Tcp",
            "resource_group_name": "pmu-rg",
            "source_address_prefix": "10.0.2.0/24",
            "source_address_prefixes": null,
            "source_application_security_group_ids": null,
            "source_port_range": "*",
            "source_port_ranges": null,
            "timeouts": null
          },
          "sensitive_attributes": [],
          "private": "eyJlMmJmYjczMC1lY2FhLTExZTYtOGY4OC0zNDM2M2JjN2M0YzAiOnsiY3JlYXRlIjoxODAwMDAwMDAwMDAwLCJkZWxldGUiOjE4MDAwMDAwMDAwMDAsInJlYWQiOjMwMDAwMDAwMDAwMCwidXBkYXRlIjoxODAwMDAwMDAwMDAwfX0=",
          "dependencies": [
            "azurerm_network_security_group.udacity",
            "azurerm_resource_group.udacity"
          ]
        }
      ]
    },
    {
      "mode": "managed",
      "type": "azurerm_network_security_rule",
      "name": "nsr-out-internal",
      "provider": "provider[\"registry.terraform.io/hashicorp/azurerm\"]",
      "instances": [
        {
          "schema_version": 0,
          "attributes": {
            "access": "Allow",
            "description": "",
            "destination_address_prefix": "10.0.2.0/24",
            "destination_address_prefixes": null,
            "destination_application_security_group_ids": null,
            "destination_port_range": "*",
            "destination_port_ranges": null,
            "direction": "Outbound",
            "id": "/subscriptions/0c34b9c6-2ea6-4fdf-9469-2300dc7a349b/resourceGroups/pmu-rg/providers/Microsoft.Network/networkSecurityGroups/pmu-network-config/securityRules/OutboundInternal",
            "name": "OutboundInternal",
            "network_security_group_name": "pmu-network-config",
            "priority": 520,
            "protocol": "Tcp",
            "resource_group_name": "pmu-rg",
            "source_address_prefix": "10.0.2.0/24",
            "source_address_prefixes": null,
            "source_application_security_group_ids": null,
            "source_port_range": "*",
            "source_port_ranges": null,
            "timeouts": null
          },
          "sensitive_attributes": [],
          "private": "eyJlMmJmYjczMC1lY2FhLTExZTYtOGY4OC0zNDM2M2JjN2M0YzAiOnsiY3JlYXRlIjoxODAwMDAwMDAwMDAwLCJkZWxldGUiOjE4MDAwMDAwMDAwMDAsInJlYWQiOjMwMDAwMDAwMDAwMCwidXBkYXRlIjoxODAwMDAwMDAwMDAwfX0=",
          "dependencies": [
            "azurerm_network_security_group.udacity",
            "azurerm_resource_group.udacity"
          ]
        }
      ]
    },
    {
      "mode": "managed",
      "type": "azurerm_public_ip",
      "name": "udacity",
      "provider": "provider[\"registry.terraform.io/hashicorp/azurerm\"]",
      "instances": [
        {
          "schema_version": 0,
          "attributes": {
            "allocation_method": "Dynamic",
            "domain_name_label": "pmu-udacity-test",
            "fqdn": "pmu-udacity-test.westeurope.cloudapp.azure.com",
            "id": "/subscriptions/0c34b9c6-2ea6-4fdf-9469-2300dc7a349b/resourceGroups/pmu-rg/providers/Microsoft.Network/publicIPAddresses/pmu-public-ip",
            "idle_timeout_in_minutes": 4,
            "ip_address": "52.178.37.15",
            "ip_version": "IPv4",
            "location": "westeurope",
            "name": "pmu-public-ip",
            "public_ip_prefix_id": null,
            "resource_group_name": "pmu-rg",
            "reverse_fqdn": "",
            "sku": "Basic",
            "tags": {
              "project": "udacity-exam-1"
            },
            "timeouts": null,
            "zones": []
          },
          "sensitive_attributes": [],
          "private": "eyJlMmJmYjczMC1lY2FhLTExZTYtOGY4OC0zNDM2M2JjN2M0YzAiOnsiY3JlYXRlIjoxODAwMDAwMDAwMDAwLCJkZWxldGUiOjE4MDAwMDAwMDAwMDAsInJlYWQiOjMwMDAwMDAwMDAwMCwidXBkYXRlIjoxODAwMDAwMDAwMDAwfX0=",
          "dependencies": [
            "azurerm_resource_group.udacity"
          ]
        }
      ]
    },
    {
      "mode": "managed",
      "type": "azurerm_resource_group",
      "name": "udacity",
      "provider": "provider[\"registry.terraform.io/hashicorp/azurerm\"]",
      "instances": [
        {
          "schema_version": 0,
          "attributes": {
            "id": "/subscriptions/0c34b9c6-2ea6-4fdf-9469-2300dc7a349b/resourceGroups/pmu-rg",
            "location": "westeurope",
            "name": "pmu-rg",
            "tags": {
              "project": "udacity-exam-1"
            },
            "timeouts": null
          },
          "sensitive_attributes": [],
          "private": "eyJlMmJmYjczMC1lY2FhLTExZTYtOGY4OC0zNDM2M2JjN2M0YzAiOnsiY3JlYXRlIjo1NDAwMDAwMDAwMDAwLCJkZWxldGUiOjU0MDAwMDAwMDAwMDAsInJlYWQiOjMwMDAwMDAwMDAwMCwidXBkYXRlIjo1NDAwMDAwMDAwMDAwfX0="
        }
      ]
    },
    {
      "mode": "managed",
      "type": "azurerm_subnet",
      "name": "internal-net",
      "provider": "provider[\"registry.terraform.io/hashicorp/azurerm\"]",
      "instances": [
        {
          "schema_version": 0,
          "attributes": {
            "address_prefix": "10.0.2.0/24",
            "address_prefixes": [
              "10.0.2.0/24"
            ],
            "delegation": [],
            "enforce_private_link_endpoint_network_policies": false,
            "enforce_private_link_service_network_policies": false,
            "id": "/subscriptions/0c34b9c6-2ea6-4fdf-9469-2300dc7a349b/resourceGroups/pmu-rg/providers/Microsoft.Network/virtualNetworks/pmu-vnet/subnets/internal",
            "name": "internal",
            "resource_group_name": "pmu-rg",
            "service_endpoint_policy_ids": [],
            "service_endpoints": [],
            "timeouts": null,
            "virtual_network_name": "pmu-vnet"
          },
          "sensitive_attributes": [],
          "private": "eyJlMmJmYjczMC1lY2FhLTExZTYtOGY4OC0zNDM2M2JjN2M0YzAiOnsiY3JlYXRlIjoxODAwMDAwMDAwMDAwLCJkZWxldGUiOjE4MDAwMDAwMDAwMDAsInJlYWQiOjMwMDAwMDAwMDAwMCwidXBkYXRlIjoxODAwMDAwMDAwMDAwfX0=",
          "dependencies": [
            "azurerm_resource_group.udacity",
            "azurerm_virtual_network.udacity"
          ]
        }
      ]
    },
    {
      "mode": "managed",
      "type": "azurerm_subnet_network_security_group_association",
      "name": "udacity",
      "provider": "provider[\"registry.terraform.io/hashicorp/azurerm\"]",
      "instances": [
        {
          "schema_version": 0,
          "attributes": {
            "id": "/subscriptions/0c34b9c6-2ea6-4fdf-9469-2300dc7a349b/resourceGroups/pmu-rg/providers/Microsoft.Network/virtualNetworks/pmu-vnet/subnets/internal",
            "network_security_group_id": "/subscriptions/0c34b9c6-2ea6-4fdf-9469-2300dc7a349b/resourceGroups/pmu-rg/providers/Microsoft.Network/networkSecurityGroups/pmu-network-config",
            "subnet_id": "/subscriptions/0c34b9c6-2ea6-4fdf-9469-2300dc7a349b/resourceGroups/pmu-rg/providers/Microsoft.Network/virtualNetworks/pmu-vnet/subnets/internal",
            "timeouts": null
          },
          "sensitive_attributes": [],
          "private": "eyJlMmJmYjczMC1lY2FhLTExZTYtOGY4OC0zNDM2M2JjN2M0YzAiOnsiY3JlYXRlIjoxODAwMDAwMDAwMDAwLCJkZWxldGUiOjE4MDAwMDAwMDAwMDAsInJlYWQiOjMwMDAwMDAwMDAwMCwidXBkYXRlIjoxODAwMDAwMDAwMDAwfX0=",
          "dependencies": [
            "azurerm_network_security_group.udacity",
            "azurerm_resource_group.udacity",
            "azurerm_subnet.internal-net",
            "azurerm_virtual_network.udacity"
          ]
        }
      ]
    },
    {
      "mode": "managed",
      "type": "azurerm_virtual_machine_data_disk_attachment",
      "name": "udacity",
      "provider": "provider[\"registry.terraform.io/hashicorp/azurerm\"]",
      "instances": [
        {
          "index_key": 0,
          "schema_version": 0,
          "attributes": {
            "caching": "None",
            "create_option": "Attach",
            "id": "/subscriptions/0c34b9c6-2ea6-4fdf-9469-2300dc7a349b/resourceGroups/pmu-rg/providers/Microsoft.Compute/virtualMachines/vm-udacity-0/dataDisks/datadisk_0",
            "lun": 10,
            "managed_disk_id": "/subscriptions/0c34b9c6-2ea6-4fdf-9469-2300dc7a349b/resourceGroups/pmu-rg/providers/Microsoft.Compute/disks/datadisk_0",
            "timeouts": null,
            "virtual_machine_id": "/subscriptions/0c34b9c6-2ea6-4fdf-9469-2300dc7a349b/resourceGroups/pmu-rg/providers/Microsoft.Compute/virtualMachines/vm-udacity-0",
            "write_accelerator_enabled": false
          },
          "sensitive_attributes": [],
          "private": "eyJlMmJmYjczMC1lY2FhLTExZTYtOGY4OC0zNDM2M2JjN2M0YzAiOnsiY3JlYXRlIjoxODAwMDAwMDAwMDAwLCJkZWxldGUiOjE4MDAwMDAwMDAwMDAsInJlYWQiOjMwMDAwMDAwMDAwMCwidXBkYXRlIjoxODAwMDAwMDAwMDAwfX0=",
          "dependencies": [
            "azurerm_availability_set.udacity",
            "azurerm_linux_virtual_machine.udacity",
            "azurerm_managed_disk.udacity-data",
            "azurerm_network_interface.udacity-vm-nic",
            "azurerm_resource_group.udacity",
            "azurerm_subnet.internal-net",
            "azurerm_virtual_network.udacity"
          ]
        },
        {
          "index_key": 1,
          "schema_version": 0,
          "attributes": {
            "caching": "None",
            "create_option": "Attach",
            "id": "/subscriptions/0c34b9c6-2ea6-4fdf-9469-2300dc7a349b/resourceGroups/pmu-rg/providers/Microsoft.Compute/virtualMachines/vm-udacity-1/dataDisks/datadisk_1",
            "lun": 10,
            "managed_disk_id": "/subscriptions/0c34b9c6-2ea6-4fdf-9469-2300dc7a349b/resourceGroups/pmu-rg/providers/Microsoft.Compute/disks/datadisk_1",
            "timeouts": null,
            "virtual_machine_id": "/subscriptions/0c34b9c6-2ea6-4fdf-9469-2300dc7a349b/resourceGroups/pmu-rg/providers/Microsoft.Compute/virtualMachines/vm-udacity-1",
            "write_accelerator_enabled": false
          },
          "sensitive_attributes": [],
          "private": "eyJlMmJmYjczMC1lY2FhLTExZTYtOGY4OC0zNDM2M2JjN2M0YzAiOnsiY3JlYXRlIjoxODAwMDAwMDAwMDAwLCJkZWxldGUiOjE4MDAwMDAwMDAwMDAsInJlYWQiOjMwMDAwMDAwMDAwMCwidXBkYXRlIjoxODAwMDAwMDAwMDAwfX0=",
          "dependencies": [
            "azurerm_availability_set.udacity",
            "azurerm_linux_virtual_machine.udacity",
            "azurerm_managed_disk.udacity-data",
            "azurerm_network_interface.udacity-vm-nic",
            "azurerm_resource_group.udacity",
            "azurerm_subnet.internal-net",
            "azurerm_virtual_network.udacity"
          ]
        }
      ]
    },
    {
      "mode": "managed",
      "type": "azurerm_virtual_network",
      "name": "udacity",
      "provider": "provider[\"registry.terraform.io/hashicorp/azurerm\"]",
      "instances": [
        {
          "schema_version": 0,
          "attributes": {
            "address_space": [
              "10.0.0.0/22"
            ],
            "bgp_community": "",
            "ddos_protection_plan": [],
            "dns_servers": [],
            "guid": "7b1a56d4-7252-4110-9a9e-361a9a0af567",
            "id": "/subscriptions/0c34b9c6-2ea6-4fdf-9469-2300dc7a349b/resourceGroups/pmu-rg/providers/Microsoft.Network/virtualNetworks/pmu-vnet",
            "location": "westeurope",
            "name": "pmu-vnet",
            "resource_group_name": "pmu-rg",
            "subnet": [
              {
                "address_prefix": "10.0.2.0/24",
                "id": "/subscriptions/0c34b9c6-2ea6-4fdf-9469-2300dc7a349b/resourceGroups/pmu-rg/providers/Microsoft.Network/virtualNetworks/pmu-vnet/subnets/internal",
                "name": "internal",
                "security_group": "/subscriptions/0c34b9c6-2ea6-4fdf-9469-2300dc7a349b/resourceGroups/pmu-rg/providers/Microsoft.Network/networkSecurityGroups/pmu-network-config"
              }
            ],
            "tags": {
              "project": "udacity-exam-1"
            },
            "timeouts": null,
            "vm_protection_enabled": false
          },
          "sensitive_attributes": [],
          "private": "eyJlMmJmYjczMC1lY2FhLTExZTYtOGY4OC0zNDM2M2JjN2M0YzAiOnsiY3JlYXRlIjoxODAwMDAwMDAwMDAwLCJkZWxldGUiOjE4MDAwMDAwMDAwMDAsInJlYWQiOjMwMDAwMDAwMDAwMCwidXBkYXRlIjoxODAwMDAwMDAwMDAwfX0=",
          "dependencies": [
            "azurerm_resource_group.udacity"
          ]
        }
      ]
    }
  ]
}
